
Microsoft Visual Studio Solution File, Format Version 12.00
# Visual Studio Version 17
VisualStudioVersion = 17.1.32328.378
MinimumVisualStudioVersion = 10.0.40219.1
Project("{FAE04EC0-301F-11D3-BF4B-00C04F79EFBC}") = "JAEscobarCandidato", "JAEscobarCandidato\JAEscobarCandidato.csproj", "{1BD32F90-5345-46B0-A31F-C7A891531EEC}"
EndProject
Project("{FAE04EC0-301F-11D3-BF4B-00C04F79EFBC}") = "ML", "ML\ML.csproj", "{D0861FD2-8279-4C4A-8622-E0B400A2110B}"
EndProject
Project("{FAE04EC0-301F-11D3-BF4B-00C04F79EFBC}") = "BL", "BL\BL.csproj", "{9C2F91E9-77B0-4532-9AFA-963847581625}"
EndProject
Project("{FAE04EC0-301F-11D3-BF4B-00C04F79EFBC}") = "DL", "DL\DL.csproj", "{F3DA78BA-2E23-404C-ACED-D6AA350DE452}"
EndProject
Project("{FAE04EC0-301F-11D3-BF4B-00C04F79EFBC}") = "ArchivoMasivo", "ArchivoMasivo\ArchivoMasivo.csproj", "{A7F18967-8A3A-4F71-B3D8-2F22263C7C38}"
EndProject
Global
	GlobalSection(SolutionConfigurationPlatforms) = preSolution
		Debug|Any CPU = Debug|Any CPU
		Release|Any CPU = Release|Any CPU
	EndGlobalSection
	GlobalSection(ProjectConfigurationPlatforms) = postSolution
		{1BD32F90-5345-46B0-A31F-C7A891531EEC}.Debug|Any CPU.ActiveCfg = Debug|Any CPU
		{1BD32F90-5345-46B0-A31F-C7A891531EEC}.Debug|Any CPU.Build.0 = Debug|Any CPU
		{1BD32F90-5345-46B0-A31F-C7A891531EEC}.Release|Any CPU.ActiveCfg = Release|Any CPU
		{1BD32F90-5345-46B0-A31F-C7A891531EEC}.Release|Any CPU.Build.0 = Release|Any CPU
		{D0861FD2-8279-4C4A-8622-E0B400A2110B}.Debug|Any CPU.ActiveCfg = Debug|Any CPU
		{D0861FD2-8279-4C4A-8622-E0B400A2110B}.Debug|Any CPU.Build.0 = Debug|Any CPU
		{D0861FD2-8279-4C4A-8622-E0B400A2110B}.Release|Any CPU.ActiveCfg = Release|Any CPU
		{D0861FD2-8279-4C4A-8622-E0B400A2110B}.Release|Any CPU.Build.0 = Release|Any CPU
		{9C2F91E9-77B0-4532-9AFA-963847581625}.Debug|Any CPU.ActiveCfg = Debug|Any CPU
		{9C2F91E9-77B0-4532-9AFA-963847581625}.Debug|Any CPU.Build.0 = Debug|Any CPU
		{9C2F91E9-77B0-4532-9AFA-963847581625}.Release|Any CPU.ActiveCfg = Release|Any CPU
		{9C2F91E9-77B0-4532-9AFA-963847581625}.Release|Any CPU.Build.0 = Release|Any CPU
		{F3DA78BA-2E23-404C-ACED-D6AA350DE452}.Debug|Any CPU.ActiveCfg = Debug|Any CPU
		{F3DA78BA-2E23-404C-ACED-D6AA350DE452}.Debug|Any CPU.Build.0 = Debug|Any CPU
		{F3DA78BA-2E23-404C-ACED-D6AA350DE452}.Release|Any CPU.ActiveCfg = Release|Any CPU
		{F3DA78BA-2E23-404C-ACED-D6AA350DE452}.Release|Any CPU.Build.0 = Release|Any CPU
		{A7F18967-8A3A-4F71-B3D8-2F22263C7C38}.Debug|Any CPU.ActiveCfg = Debug|Any CPU
		{A7F18967-8A3A-4F71-B3D8-2F22263C7C38}.Debug|Any CPU.Build.0 = Debug|Any CPU
		{A7F18967-8A3A-4F71-B3D8-2F22263C7C38}.Release|Any CPU.ActiveCfg = Release|Any CPU
		{A7F18967-8A3A-4F71-B3D8-2F22263C7C38}.Release|Any CPU.Build.0 = Release|Any CPU
	EndGlobalSection
	GlobalSection(SolutionProperties) = preSolution
		HideSolutionNode = FALSE
	EndGlobalSection
	GlobalSection(ExtensibilityGlobals) = postSolution
		SolutionGuid = {B3FA1638-409E-479A-9EEC-32A751034B02}
	EndGlobalSection
EndGlobal
